// !$*UTF8*$!
{
	archiveVersion = 1;
	classes = {
	};
	objectVersion = 46;
	objects = {

/* Begin PBXBuildFile section */
		C947C06A1A11ED3A00725B3C /* deep_play_btn@2x.png in Resources */ = {isa = PBXBuildFile; fileRef = C947C0681A11ED3A00725B3C /* deep_play_btn@2x.png */; };
		C947C06B1A11ED3A00725B3C /* deep_stop_btn@2x.png in Resources */ = {isa = PBXBuildFile; fileRef = C947C0691A11ED3A00725B3C /* deep_stop_btn@2x.png */; };
		C947C06F1A11ED4600725B3C /* 1@2x.jpg in Resources */ = {isa = PBXBuildFile; fileRef = C947C06D1A11ED4600725B3C /* 1@2x.jpg */; };
		C947C0701A11ED4600725B3C /* 2@2x.jpg in Resources */ = {isa = PBXBuildFile; fileRef = C947C06E1A11ED4600725B3C /* 2@2x.jpg */; };
		C947C0751A11EE5C00725B3C /* Default-568h@2x.png in Resources */ = {isa = PBXBuildFile; fileRef = C947C0721A11EE5C00725B3C /* Default-568h@2x.png */; };
		C947C0761A11EE5C00725B3C /* Default.png in Resources */ = {isa = PBXBuildFile; fileRef = C947C0731A11EE5C00725B3C /* Default.png */; };
		C947C0771A11EE5C00725B3C /* Default@2x.png in Resources */ = {isa = PBXBuildFile; fileRef = C947C0741A11EE5C00725B3C /* Default@2x.png */; };
		C947C07A1A11F4AD00725B3C /* MediaPlayer.framework in Frameworks */ = {isa = PBXBuildFile; fileRef = C947C0791A11F4AD00725B3C /* MediaPlayer.framework */; };
		C9B4A49C1A09D6FD00E528D1 /* main.m in Sources */ = {isa = PBXBuildFile; fileRef = C9B4A49B1A09D6FD00E528D1 /* main.m */; };
		C9B4A49F1A09D6FD00E528D1 /* AppDelegate.m in Sources */ = {isa = PBXBuildFile; fileRef = C9B4A49E1A09D6FD00E528D1 /* AppDelegate.m */; };
		C9B4A4A21A09D6FD00E528D1 /* ViewController.m in Sources */ = {isa = PBXBuildFile; fileRef = C9B4A4A11A09D6FD00E528D1 /* ViewController.m */; };
		C9B4A4A51A09D6FD00E528D1 /* Main.storyboard in Resources */ = {isa = PBXBuildFile; fileRef = C9B4A4A31A09D6FD00E528D1 /* Main.storyboard */; };
		C9B4A4A71A09D6FD00E528D1 /* Images.xcassets in Resources */ = {isa = PBXBuildFile; fileRef = C9B4A4A61A09D6FD00E528D1 /* Images.xcassets */; };
		C9B4A4AA1A09D6FD00E528D1 /* LaunchScreen.xib in Resources */ = {isa = PBXBuildFile; fileRef = C9B4A4A81A09D6FD00E528D1 /* LaunchScreen.xib */; };
		C9B4A4B61A09D6FD00E528D1 /* SQVideoPlayerTests.m in Sources */ = {isa = PBXBuildFile; fileRef = C9B4A4B51A09D6FD00E528D1 /* SQVideoPlayerTests.m */; };
		C9B4A4C21A09D7F100E528D1 /* MainViewController.m in Sources */ = {isa = PBXBuildFile; fileRef = C9B4A4C01A09D7F100E528D1 /* MainViewController.m */; };
		C9B4A4C31A09D7F100E528D1 /* MainViewController.xib in Resources */ = {isa = PBXBuildFile; fileRef = C9B4A4C11A09D7F100E528D1 /* MainViewController.xib */; };
		C9B4A4CE1A0A1C9600E528D1 /* MainTableViewCell.m in Sources */ = {isa = PBXBuildFile; fileRef = C9B4A4CC1A0A1C9600E528D1 /* MainTableViewCell.m */; };
		C9B4A4CF1A0A1C9600E528D1 /* MainTableViewCell.xib in Resources */ = {isa = PBXBuildFile; fileRef = C9B4A4CD1A0A1C9600E528D1 /* MainTableViewCell.xib */; };
		C9BB29371A1445B80051DACA /* SQMovieViewController.m in Sources */ = {isa = PBXBuildFile; fileRef = C9BB29361A1445B80051DACA /* SQMovieViewController.m */; };
/* End PBXBuildFile section */

/* Begin PBXContainerItemProxy section */
		C9B4A4B01A09D6FD00E528D1 /* PBXContainerItemProxy */ = {
			isa = PBXContainerItemProxy;
			containerPortal = C9B4A48E1A09D6FD00E528D1 /* Project object */;
			proxyType = 1;
			remoteGlobalIDString = C9B4A4951A09D6FD00E528D1;
			remoteInfo = SQVideoPlayer;
		};
/* End PBXContainerItemProxy section */

/* Begin PBXFileReference section */
		C947C0681A11ED3A00725B3C /* deep_play_btn@2x.png */ = {isa = PBXFileReference; lastKnownFileType = image.png; path = "deep_play_btn@2x.png"; sourceTree = "<group>"; };
		C947C0691A11ED3A00725B3C /* deep_stop_btn@2x.png */ = {isa = PBXFileReference; lastKnownFileType = image.png; path = "deep_stop_btn@2x.png"; sourceTree = "<group>"; };
		C947C06D1A11ED4600725B3C /* 1@2x.jpg */ = {isa = PBXFileReference; lastKnownFileType = image.jpeg; path = "1@2x.jpg"; sourceTree = "<group>"; };
		C947C06E1A11ED4600725B3C /* 2@2x.jpg */ = {isa = PBXFileReference; lastKnownFileType = image.jpeg; path = "2@2x.jpg"; sourceTree = "<group>"; };
		C947C0721A11EE5C00725B3C /* Default-568h@2x.png */ = {isa = PBXFileReference; lastKnownFileType = image.png; path = "Default-568h@2x.png"; sourceTree = "<group>"; };
		C947C0731A11EE5C00725B3C /* Default.png */ = {isa = PBXFileReference; lastKnownFileType = image.png; path = Default.png; sourceTree = "<group>"; };
		C947C0741A11EE5C00725B3C /* Default@2x.png */ = {isa = PBXFileReference; lastKnownFileType = image.png; path = "Default@2x.png"; sourceTree = "<group>"; };
		C947C0791A11F4AD00725B3C /* MediaPlayer.framework */ = {isa = PBXFileReference; lastKnownFileType = wrapper.framework; name = MediaPlayer.framework; path = System/Library/Frameworks/MediaPlayer.framework; sourceTree = SDKROOT; };
		C9B4A4961A09D6FD00E528D1 /* SQVideoPlayer.app */ = {isa = PBXFileReference; explicitFileType = wrapper.application; includeInIndex = 0; path = SQVideoPlayer.app; sourceTree = BUILT_PRODUCTS_DIR; };
		C9B4A49A1A09D6FD00E528D1 /* Info.plist */ = {isa = PBXFileReference; lastKnownFileType = text.plist.xml; path = Info.plist; sourceTree = "<group>"; };
		C9B4A49B1A09D6FD00E528D1 /* main.m */ = {isa = PBXFileReference; lastKnownFileType = sourcecode.c.objc; path = main.m; sourceTree = "<group>"; };
		C9B4A49D1A09D6FD00E528D1 /* AppDelegate.h */ = {isa = PBXFileReference; lastKnownFileType = sourcecode.c.h; path = AppDelegate.h; sourceTree = "<group>"; };
		C9B4A49E1A09D6FD00E528D1 /* AppDelegate.m */ = {isa = PBXFileReference; lastKnownFileType = sourcecode.c.objc; path = AppDelegate.m; sourceTree = "<group>"; };
		C9B4A4A01A09D6FD00E528D1 /* ViewController.h */ = {isa = PBXFileReference; lastKnownFileType = sourcecode.c.h; path = ViewController.h; sourceTree = "<group>"; };
		C9B4A4A11A09D6FD00E528D1 /* ViewController.m */ = {isa = PBXFileReference; lastKnownFileType = sourcecode.c.objc; path = ViewController.m; sourceTree = "<group>"; };
		C9B4A4A41A09D6FD00E528D1 /* Base */ = {isa = PBXFileReference; lastKnownFileType = file.storyboard; name = Base; path = Base.lproj/Main.storyboard; sourceTree = "<group>"; };
		C9B4A4A61A09D6FD00E528D1 /* Images.xcassets */ = {isa = PBXFileReference; lastKnownFileType = folder.assetcatalog; path = Images.xcassets; sourceTree = "<group>"; };
		C9B4A4A91A09D6FD00E528D1 /* Base */ = {isa = PBXFileReference; lastKnownFileType = file.xib; name = Base; path = Base.lproj/LaunchScreen.xib; sourceTree = "<group>"; };
		C9B4A4AF1A09D6FD00E528D1 /* SQVideoPlayerTests.xctest */ = {isa = PBXFileReference; explicitFileType = wrapper.cfbundle; includeInIndex = 0; path = SQVideoPlayerTests.xctest; sourceTree = BUILT_PRODUCTS_DIR; };
		C9B4A4B41A09D6FD00E528D1 /* Info.plist */ = {isa = PBXFileReference; lastKnownFileType = text.plist.xml; path = Info.plist; sourceTree = "<group>"; };
		C9B4A4B51A09D6FD00E528D1 /* SQVideoPlayerTests.m */ = {isa = PBXFileReference; lastKnownFileType = sourcecode.c.objc; path = SQVideoPlayerTests.m; sourceTree = "<group>"; };
		C9B4A4BF1A09D7F100E528D1 /* MainViewController.h */ = {isa = PBXFileReference; fileEncoding = 4; lastKnownFileType = sourcecode.c.h; path = MainViewController.h; sourceTree = "<group>"; };
		C9B4A4C01A09D7F100E528D1 /* MainViewController.m */ = {isa = PBXFileReference; fileEncoding = 4; lastKnownFileType = sourcecode.c.objc; path = MainViewController.m; sourceTree = "<group>"; };
		C9B4A4C11A09D7F100E528D1 /* MainViewController.xib */ = {isa = PBXFileReference; fileEncoding = 4; lastKnownFileType = file.xib; path = MainViewController.xib; sourceTree = "<group>"; };
		C9B4A4CB1A0A1C9600E528D1 /* MainTableViewCell.h */ = {isa = PBXFileReference; fileEncoding = 4; lastKnownFileType = sourcecode.c.h; path = MainTableViewCell.h; sourceTree = "<group>"; };
		C9B4A4CC1A0A1C9600E528D1 /* MainTableViewCell.m */ = {isa = PBXFileReference; fileEncoding = 4; lastKnownFileType = sourcecode.c.objc; path = MainTableViewCell.m; sourceTree = "<group>"; };
		C9B4A4CD1A0A1C9600E528D1 /* MainTableViewCell.xib */ = {isa = PBXFileReference; fileEncoding = 4; lastKnownFileType = file.xib; path = MainTableViewCell.xib; sourceTree = "<group>"; };
		C9BB29351A1445B80051DACA /* SQMovieViewController.h */ = {isa = PBXFileReference; fileEncoding = 4; lastKnownFileType = sourcecode.c.h; path = SQMovieViewController.h; sourceTree = "<group>"; };
		C9BB29361A1445B80051DACA /* SQMovieViewController.m */ = {isa = PBXFileReference; fileEncoding = 4; lastKnownFileType = sourcecode.c.objc; path = SQMovieViewController.m; sourceTree = "<group>"; };
/* End PBXFileReference section */

/* Begin PBXFrameworksBuildPhase section */
		C9B4A4931A09D6FD00E528D1 /* Frameworks */ = {
			isa = PBXFrameworksBuildPhase;
			buildActionMask = 2147483647;
			files = (
				C947C07A1A11F4AD00725B3C /* MediaPlayer.framework in Frameworks */,
			);
			runOnlyForDeploymentPostprocessing = 0;
		};
		C9B4A4AC1A09D6FD00E528D1 /* Frameworks */ = {
			isa = PBXFrameworksBuildPhase;
			buildActionMask = 2147483647;
			files = (
			);
			runOnlyForDeploymentPostprocessing = 0;
		};
/* End PBXFrameworksBuildPhase section */

/* Begin PBXGroup section */
		C947C0671A11ED3A00725B3C /* Resource */ = {
			isa = PBXGroup;
			children = (
				C947C0711A11EE5C00725B3C /* default */,
				C947C06C1A11ED4600725B3C /* other */,
				C947C0681A11ED3A00725B3C /* deep_play_btn@2x.png */,
				C947C0691A11ED3A00725B3C /* deep_stop_btn@2x.png */,
			);
			path = Resource;
			sourceTree = "<group>";
		};
		C947C06C1A11ED4600725B3C /* other */ = {
			isa = PBXGroup;
			children = (
				C947C06D1A11ED4600725B3C /* 1@2x.jpg */,
				C947C06E1A11ED4600725B3C /* 2@2x.jpg */,
			);
			path = other;
			sourceTree = "<group>";
		};
		C947C0711A11EE5C00725B3C /* default */ = {
			isa = PBXGroup;
			children = (
				C947C0721A11EE5C00725B3C /* Default-568h@2x.png */,
				C947C0731A11EE5C00725B3C /* Default.png */,
				C947C0741A11EE5C00725B3C /* Default@2x.png */,
			);
			path = default;
			sourceTree = "<group>";
		};
		C9B4A48D1A09D6FD00E528D1 = {
			isa = PBXGroup;
			children = (
				C947C0791A11F4AD00725B3C /* MediaPlayer.framework */,
				C9B4A4981A09D6FD00E528D1 /* SQVideoPlayer */,
				C9B4A4B21A09D6FD00E528D1 /* SQVideoPlayerTests */,
				C9B4A4971A09D6FD00E528D1 /* Products */,
			);
			sourceTree = "<group>";
		};
		C9B4A4971A09D6FD00E528D1 /* Products */ = {
			isa = PBXGroup;
			children = (
				C9B4A4961A09D6FD00E528D1 /* SQVideoPlayer.app */,
				C9B4A4AF1A09D6FD00E528D1 /* SQVideoPlayerTests.xctest */,
			);
			name = Products;
			sourceTree = "<group>";
		};
		C9B4A4981A09D6FD00E528D1 /* SQVideoPlayer */ = {
			isa = PBXGroup;
			children = (
				C9BB29341A1445B80051DACA /* SQMovieController */,
				C947C0671A11ED3A00725B3C /* Resource */,
				C9B4A49D1A09D6FD00E528D1 /* AppDelegate.h */,
				C9B4A49E1A09D6FD00E528D1 /* AppDelegate.m */,
				C9B4A4A01A09D6FD00E528D1 /* ViewController.h */,
				C9B4A4A11A09D6FD00E528D1 /* ViewController.m */,
				C9B4A4A31A09D6FD00E528D1 /* Main.storyboard */,
				C9B4A4A61A09D6FD00E528D1 /* Images.xcassets */,
				C9B4A4A81A09D6FD00E528D1 /* LaunchScreen.xib */,
				C9B4A4991A09D6FD00E528D1 /* Supporting Files */,
				C9B4A4BF1A09D7F100E528D1 /* MainViewController.h */,
				C9B4A4C01A09D7F100E528D1 /* MainViewController.m */,
				C9B4A4C11A09D7F100E528D1 /* MainViewController.xib */,
				C9B4A4CB1A0A1C9600E528D1 /* MainTableViewCell.h */,
				C9B4A4CC1A0A1C9600E528D1 /* MainTableViewCell.m */,
				C9B4A4CD1A0A1C9600E528D1 /* MainTableViewCell.xib */,
			);
			path = SQVideoPlayer;
			sourceTree = "<group>";
		};
		C9B4A4991A09D6FD00E528D1 /* Supporting Files */ = {
			isa = PBXGroup;
			children = (
				C9B4A49A1A09D6FD00E528D1 /* Info.plist */,
				C9B4A49B1A09D6FD00E528D1 /* main.m */,
			);
			name = "Supporting Files";
			sourceTree = "<group>";
		};
		C9B4A4B21A09D6FD00E528D1 /* SQVideoPlayerTests */ = {
			isa = PBXGroup;
			children = (
				C9B4A4B51A09D6FD00E528D1 /* SQVideoPlayerTests.m */,
				C9B4A4B31A09D6FD00E528D1 /* Supporting Files */,
			);
			path = SQVideoPlayerTests;
			sourceTree = "<group>";
		};
		C9B4A4B31A09D6FD00E528D1 /* Supporting Files */ = {
			isa = PBXGroup;
			children = (
				C9B4A4B41A09D6FD00E528D1 /* Info.plist */,
			);
			name = "Supporting Files";
			sourceTree = "<group>";
		};
		C9BB29341A1445B80051DACA /* SQMovieController */ = {
			isa = PBXGroup;
			children = (
				C9BB29351A1445B80051DACA /* SQMovieViewController.h */,
				C9BB29361A1445B80051DACA /* SQMovieViewController.m */,
			);
			path = SQMovieController;
			sourceTree = "<group>";
		};
/* End PBXGroup section */

/* Begin PBXNativeTarget section */
		C9B4A4951A09D6FD00E528D1 /* SQVideoPlayer */ = {
			isa = PBXNativeTarget;
			buildConfigurationList = C9B4A4B91A09D6FD00E528D1 /* Build configuration list for PBXNativeTarget "SQVideoPlayer" */;
			buildPhases = (
				C9B4A4921A09D6FD00E528D1 /* Sources */,
				C9B4A4931A09D6FD00E528D1 /* Frameworks */,
				C9B4A4941A09D6FD00E528D1 /* Resources */,
			);
			buildRules = (
			);
			dependencies = (
			);
			name = SQVideoPlayer;
			productName = SQVideoPlayer;
			productReference = C9B4A4961A09D6FD00E528D1 /* SQVideoPlayer.app */;
			productType = "com.apple.product-type.application";
		};
		C9B4A4AE1A09D6FD00E528D1 /* SQVideoPlayerTests */ = {
			isa = PBXNativeTarget;
			buildConfigurationList = C9B4A4BC1A09D6FD00E528D1 /* Build configuration list for PBXNativeTarget "SQVideoPlayerTests" */;
			buildPhases = (
				C9B4A4AB1A09D6FD00E528D1 /* Sources */,
				C9B4A4AC1A09D6FD00E528D1 /* Frameworks */,
				C9B4A4AD1A09D6FD00E528D1 /* Resources */,
			);
			buildRules = (
			);
			dependencies = (
				C9B4A4B11A09D6FD00E528D1 /* PBXTargetDependency */,
			);
			name = SQVideoPlayerTests;
			productName = SQVideoPlayerTests;
			productReference = C9B4A4AF1A09D6FD00E528D1 /* SQVideoPlayerTests.xctest */;
			productType = "com.apple.product-type.bundle.unit-test";
		};
/* End PBXNativeTarget section */

/* Begin PBXProject section */
		C9B4A48E1A09D6FD00E528D1 /* Project object */ = {
			isa = PBXProject;
			attributes = {
				LastUpgradeCheck = 0610;
				ORGANIZATIONNAME = ChenYaoqiang;
				TargetAttributes = {
					C9B4A4951A09D6FD00E528D1 = {
						CreatedOnToolsVersion = 6.1;
					};
					C9B4A4AE1A09D6FD00E528D1 = {
						CreatedOnToolsVersion = 6.1;
						TestTargetID = C9B4A4951A09D6FD00E528D1;
					};
				};
			};
			buildConfigurationList = C9B4A4911A09D6FD00E528D1 /* Build configuration list for PBXProject "SQVideoPlayer" */;
			compatibilityVersion = "Xcode 3.2";
			developmentRegion = English;
			hasScannedForEncodings = 0;
			knownRegions = (
				en,
				Base,
			);
			mainGroup = C9B4A48D1A09D6FD00E528D1;
			productRefGroup = C9B4A4971A09D6FD00E528D1 /* Products */;
			projectDirPath = "";
			projectRoot = "";
			targets = (
				C9B4A4951A09D6FD00E528D1 /* SQVideoPlayer */,
				C9B4A4AE1A09D6FD00E528D1 /* SQVideoPlayerTests */,
			);
		};
/* End PBXProject section */

/* Begin PBXResourcesBuildPhase section */
		C9B4A4941A09D6FD00E528D1 /* Resources */ = {
			isa = PBXResourcesBuildPhase;
			buildActionMask = 2147483647;
			files = (
				C947C0771A11EE5C00725B3C /* Default@2x.png in Resources */,
				C9B4A4A51A09D6FD00E528D1 /* Main.storyboard in Resources */,
				C9B4A4AA1A09D6FD00E528D1 /* LaunchScreen.xib in Resources */,
				C947C0701A11ED4600725B3C /* 2@2x.jpg in Resources */,
				C947C0751A11EE5C00725B3C /* Default-568h@2x.png in Resources */,
				C947C06F1A11ED4600725B3C /* 1@2x.jpg in Resources */,
				C947C06B1A11ED3A00725B3C /* deep_stop_btn@2x.png in Resources */,
				C9B4A4A71A09D6FD00E528D1 /* Images.xcassets in Resources */,
				C9B4A4C31A09D7F100E528D1 /* MainViewController.xib in Resources */,
				C9B4A4CF1A0A1C9600E528D1 /* MainTableViewCell.xib in Resources */,
				C947C06A1A11ED3A00725B3C /* deep_play_btn@2x.png in Resources */,
				C947C0761A11EE5C00725B3C /* Default.png in Resources */,
			);
			runOnlyForDeploymentPostprocessing = 0;
		};
		C9B4A4AD1A09D6FD00E528D1 /* Resources */ = {
			isa = PBXResourcesBuildPhase;
			buildActionMask = 2147483647;
			files = (
			);
			runOnlyForDeploymentPostprocessing = 0;
		};
/* End PBXResourcesBuildPhase section */

/* Begin PBXSourcesBuildPhase section */
		C9B4A4921A09D6FD00E528D1 /* Sources */ = {
			isa = PBXSourcesBuildPhase;
			buildActionMask = 2147483647;
			files = (
				C9B4A4A21A09D6FD00E528D1 /* ViewController.m in Sources */,
				C9B4A49F1A09D6FD00E528D1 /* AppDelegate.m in Sources */,
				C9B4A49C1A09D6FD00E528D1 /* main.m in Sources */,
				C9BB29371A1445B80051DACA /* SQMovieViewController.m in Sources */,
				C9B4A4C21A09D7F100E528D1 /* MainViewController.m in Sources */,
				C9B4A4CE1A0A1C9600E528D1 /* MainTableViewCell.m in Sources */,
			);
			runOnlyForDeploymentPostprocessing = 0;
		};
		C9B4A4AB1A09D6FD00E528D1 /* Sources */ = {
			isa = PBXSourcesBuildPhase;
			buildActionMask = 2147483647;
			files = (
				C9B4A4B61A09D6FD00E528D1 /* SQVideoPlayerTests.m in Sources */,
			);
			runOnlyForDeploymentPostprocessing = 0;
		};
/* End PBXSourcesBuildPhase section */

/* Begin PBXTargetDependency section */
		C9B4A4B11A09D6FD00E528D1 /* PBXTargetDependency */ = {
			isa = PBXTargetDependency;
			target = C9B4A4951A09D6FD00E528D1 /* SQVideoPlayer */;
			targetProxy = C9B4A4B01A09D6FD00E528D1 /* PBXContainerItemProxy */;
		};
/* End PBXTargetDependency section */

/* Begin PBXVariantGroup section */
		C9B4A4A31A09D6FD00E528D1 /* Main.storyboard */ = {
			isa = PBXVariantGroup;
			children = (
				C9B4A4A41A09D6FD00E528D1 /* Base */,
			);
			name = Main.storyboard;
			sourceTree = "<group>";
		};
		C9B4A4A81A09D6FD00E528D1 /* LaunchScreen.xib */ = {
			isa = PBXVariantGroup;
			children = (
				C9B4A4A91A09D6FD00E528D1 /* Base */,
			);
			name = LaunchScreen.xib;
			sourceTree = "<group>";
		};
/* End PBXVariantGroup section */

/* Begin XCBuildConfiguration section */
		C9B4A4B71A09D6FD00E528D1 /* Debug */ = {
			isa = XCBuildConfiguration;
			buildSettings = {
				ALWAYS_SEARCH_USER_PATHS = NO;
				CLANG_CXX_LANGUAGE_STANDARD = "gnu++0x";
				CLANG_CXX_LIBRARY = "libc++";
				CLANG_ENABLE_MODULES = YES;
				CLANG_ENABLE_OBJC_ARC = YES;
				CLANG_WARN_BOOL_CONVERSION = YES;
				CLANG_WARN_CONSTANT_CONVERSION = YES;
				CLANG_WARN_DIRECT_OBJC_ISA_USAGE = YES_ERROR;
				CLANG_WARN_EMPTY_BODY = YES;
				CLANG_WARN_ENUM_CONVERSION = YES;
				CLANG_WARN_INT_CONVERSION = YES;
				CLANG_WARN_OBJC_ROOT_CLASS = YES_ERROR;
				CLANG_WARN_UNREACHABLE_CODE = YES;
				CLANG_WARN__DUPLICATE_METHOD_MATCH = YES;
				"CODE_SIGN_IDENTITY[sdk=iphoneos*]" = "iPhone Developer";
				COPY_PHASE_STRIP = NO;
				ENABLE_STRICT_OBJC_MSGSEND = YES;
				GCC_C_LANGUAGE_STANDARD = gnu99;
				GCC_DYNAMIC_NO_PIC = NO;
				GCC_OPTIMIZATION_LEVEL = 0;
				GCC_PREPROCESSOR_DEFINITIONS = (
					"DEBUG=1",
					"$(inherited)",
				);
				GCC_SYMBOLS_PRIVATE_EXTERN = NO;
				GCC_WARN_64_TO_32_BIT_CONVERSION = YES;
				GCC_WARN_ABOUT_RETURN_TYPE = YES_ERROR;
				GCC_WARN_UNDECLARED_SELECTOR = YES;
				GCC_WARN_UNINITIALIZED_AUTOS = YES_AGGRESSIVE;
				GCC_WARN_UNUSED_FUNCTION = YES;
				GCC_WARN_UNUSED_VARIABLE = YES;
				IPHONEOS_DEPLOYMENT_TARGET = 8.1;
				MTL_ENABLE_DEBUG_INFO = YES;
				ONLY_ACTIVE_ARCH = YES;
				SDKROOT = iphoneos;
			};
			name = Debug;
		};
		C9B4A4B81A09D6FD00E528D1 /* Release */ = {
			isa = XCBuildConfiguration;
			buildSettings = {
				ALWAYS_SEARCH_USER_PATHS = NO;
				CLANG_CXX_LANGUAGE_STANDARD = "gnu++0x";
				CLANG_CXX_LIBRARY = "libc++";
				CLANG_ENABLE_MODULES = YES;
				CLANG_ENABLE_OBJC_ARC = YES;
				CLANG_WARN_BOOL_CONVERSION = YES;
				CLANG_WARN_CONSTANT_CONVERSION = YES;
				CLANG_WARN_DIRECT_OBJC_ISA_USAGE = YES_ERROR;
				CLANG_WARN_EMPTY_BODY = YES;
				CLANG_WARN_ENUM_CONVERSION = YES;
				CLANG_WARN_INT_CONVERSION = YES;
				CLANG_WARN_OBJC_ROOT_CLASS = YES_ERROR;
				CLANG_WARN_UNREACHABLE_CODE = YES;
				CLANG_WARN__DUPLICATE_METHOD_MATCH = YES;
				"CODE_SIGN_IDENTITY[sdk=iphoneos*]" = "iPhone Developer";
				COPY_PHASE_STRIP = YES;
				ENABLE_NS_ASSERTIONS = NO;
				ENABLE_STRICT_OBJC_MSGSEND = YES;
				GCC_C_LANGUAGE_STANDARD = gnu99;
				GCC_WARN_64_TO_32_BIT_CONVERSION = YES;
				GCC_WARN_ABOUT_RETURN_TYPE = YES_ERROR;
				GCC_WARN_UNDECLARED_SELECTOR = YES;
				GCC_WARN_UNINITIALIZED_AUTOS = YES_AGGRESSIVE;
				GCC_WARN_UNUSED_FUNCTION = YES;
				GCC_WARN_UNUSED_VARIABLE = YES;
				IPHONEOS_DEPLOYMENT_TARGET = 8.1;
				MTL_ENABLE_DEBUG_INFO = NO;
				SDKROOT = iphoneos;
				VALIDATE_PRODUCT = YES;
			};
			name = Release;
		};
		C9B4A4BA1A09D6FD00E528D1 /* Debug */ = {
			isa = XCBuildConfiguration;
			buildSettings = {
				ASSETCATALOG_COMPILER_APPICON_NAME = AppIcon;
				INFOPLIST_FILE = SQVideoPlayer/Info.plist;
				IPHONEOS_DEPLOYMENT_TARGET = 6.0;
				LD_RUNPATH_SEARCH_PATHS = "$(inherited) @executable_path/Frameworks";
				PRODUCT_NAME = "$(TARGET_NAME)";
			};
			name = Debug;
		};
		C9B4A4BB1A09D6FD00E528D1 /* Release */ = {
			isa = XCBuildConfiguration;
			buildSettings = {
				ASSETCATALOG_COMPILER_APPICON_NAME = AppIcon;
				INFOPLIST_FILE = SQVideoPlayer/Info.plist;
				IPHONEOS_DEPLOYMENT_TARGET = 6.0;
				LD_RUNPATH_SEARCH_PATHS = "$(inherited) @executable_path/Frameworks";
				PRODUCT_NAME = "$(TARGET_NAME)";
			};
			name = Release;
		};
		C9B4A4BD1A09D6FD00E528D1 /* Debug */ = {
			isa = XCBuildConfiguration;
			buildSettings = {
				BUNDLE_LOADER = "$(TEST_HOST)";
				FRAMEWORK_SEARCH_PATHS = (
					"$(SDKROOT)/Developer/Library/Frameworks",
					"$(inherited)",
				);
				GCC_PREPROCESSOR_DEFINITIONS = (
					"DEBUG=1",
					"$(inherited)",
				);
				INFOPLIST_FILE = SQVideoPlayerTests/Info.plist;
				LD_RUNPATH_SEARCH_PATHS = "$(inherited) @executable_path/Frameworks @loader_path/Frameworks";
				PRODUCT_NAME = "$(TARGET_NAME)";
				TEST_HOST = "$(BUILT_PRODUCTS_DIR)/SQVideoPlayer.app/SQVideoPlayer";
			};
			name = Debug;
		};
		C9B4A4BE1A09D6FD00E528D1 /* Release */ = {
			isa = XCBuildConfiguration;
			buildSettings = {
				BUNDLE_LOADER = "$(TEST_HOST)";
				FRAMEWORK_SEARCH_PATHS = (
					"$(SDKROOT)/Developer/Library/Frameworks",
					"$(inherited)",
				);
				INFOPLIST_FILE = SQVideoPlayerTests/Info.plist;
				LD_RUNPATH_SEARCH_PATHS = "$(inherited) @executable_path/Frameworks @loader_path/Frameworks";
				PRODUCT_NAME = "$(TARGET_NAME)";
				TEST_HOST = "$(BUILT_PRODUCTS_DIR)/SQVideoPlayer.app/SQVideoPlayer";
			};
			name = Release;
		};
/* End XCBuildConfiguration section */

/* Begin XCConfigurationList section */
		C9B4A4911A09D6FD00E528D1 /* Build configuration list for PBXProject "SQVideoPlayer" */ = {
			isa = XCConfigurationList;
			buildConfigurations = (
				C9B4A4B71A09D6FD00E528D1 /* Debug */,
				C9B4A4B81A09D6FD00E528D1 /* Release */,
			);
			defaultConfigurationIsVisible = 0;
			defaultConfigurationName = Release;
		};
		C9B4A4B91A09D6FD00E528D1 /* Build configuration list for PBXNativeTarget "SQVideoPlayer" */ = {
			isa = XCConfigurationList;
			buildConfigurations = (
				C9B4A4BA1A09D6FD00E528D1 /* Debug */,
				C9B4A4BB1A09D6FD00E528D1 /* Release */,
			);
			defaultConfigurationIsVisible = 0;
			defaultConfigurationName = Release;
		};
		C9B4A4BC1A09D6FD00E528D1 /* Build configuration list for PBXNativeTarget "SQVideoPlayerTests" */ = {
			isa = XCConfigurationList;
			buildConfigurations = (
				C9B4A4BD1A09D6FD00E528D1 /* Debug */,
				C9B4A4BE1A09D6FD00E528D1 /* Release */,
			);
			defaultConfigurationIsVisible = 0;
			defaultConfigurationName = Release;
		};
/* End XCConfigurationList section */
	};
	rootObject = C9B4A48E1A09D6FD00E528D1 /* Project object */;
}
